
Microsoft Visual Studio Solution File, Format Version 12.00
# Visual Studio Version 16
VisualStudioVersion = 16.0.30225.117
MinimumVisualStudioVersion = 10.0.40219.1
Project("{FAE04EC0-301F-11D3-BF4B-00C04F79EFBC}") = "TRMDataManager", "TRMDataManager\TRMDataManager.csproj", "{8755660D-0270-4C9A-B136-EAE794AE9C58}"
EndProject
Project("{00D1A9C2-B5F0-4AF3-8072-F6C62B433612}") = "TRMData", "TRMData\TRMData.sqlproj", "{C8CE71A1-A1B1-451D-B871-C84E1E93A352}"
EndProject
Project("{FAE04EC0-301F-11D3-BF4B-00C04F79EFBC}") = "TRMDesktopUI", "TRMDesktopUI\TRMDesktopUI.csproj", "{57B63F1F-9931-4C31-897D-08155984CAAA}"
EndProject
Project("{FAE04EC0-301F-11D3-BF4B-00C04F79EFBC}") = "TRMDataManager.Library", "TRMDataManager.Library\TRMDataManager.Library.csproj", "{DE5EDE0C-BD2E-4F3C-A5AB-8FC9BFAA8D0B}"
EndProject
Project("{FAE04EC0-301F-11D3-BF4B-00C04F79EFBC}") = "TRMDesktopUI.Library", "TRMDesktopUI.Library\TRMDesktopUI.Library.csproj", "{E11E2394-7DB4-46C8-8973-D0D7C52FC50B}"
EndProject
Project("{2150E333-8FDC-42A3-9474-1A3956D46DE8}") = "Database", "Database", "{3CC72980-1D63-453A-B743-AE63AB995150}"
EndProject
Project("{2150E333-8FDC-42A3-9474-1A3956D46DE8}") = "API", "API", "{8275ADD5-2445-4D5F-AF81-00657B843780}"
EndProject
Project("{2150E333-8FDC-42A3-9474-1A3956D46DE8}") = "WPF", "WPF", "{68CC6A86-23F6-4D2F-94CF-36CB2978CA91}"
EndProject
Global
	GlobalSection(SolutionConfigurationPlatforms) = preSolution
		Debug|Any CPU = Debug|Any CPU
		Release|Any CPU = Release|Any CPU
	EndGlobalSection
	GlobalSection(ProjectConfigurationPlatforms) = postSolution
		{8755660D-0270-4C9A-B136-EAE794AE9C58}.Debug|Any CPU.ActiveCfg = Debug|Any CPU
		{8755660D-0270-4C9A-B136-EAE794AE9C58}.Debug|Any CPU.Build.0 = Debug|Any CPU
		{8755660D-0270-4C9A-B136-EAE794AE9C58}.Release|Any CPU.ActiveCfg = Release|Any CPU
		{8755660D-0270-4C9A-B136-EAE794AE9C58}.Release|Any CPU.Build.0 = Release|Any CPU
		{C8CE71A1-A1B1-451D-B871-C84E1E93A352}.Debug|Any CPU.ActiveCfg = Debug|Any CPU
		{C8CE71A1-A1B1-451D-B871-C84E1E93A352}.Debug|Any CPU.Build.0 = Debug|Any CPU
		{C8CE71A1-A1B1-451D-B871-C84E1E93A352}.Debug|Any CPU.Deploy.0 = Debug|Any CPU
		{C8CE71A1-A1B1-451D-B871-C84E1E93A352}.Release|Any CPU.ActiveCfg = Release|Any CPU
		{C8CE71A1-A1B1-451D-B871-C84E1E93A352}.Release|Any CPU.Build.0 = Release|Any CPU
		{C8CE71A1-A1B1-451D-B871-C84E1E93A352}.Release|Any CPU.Deploy.0 = Release|Any CPU
		{57B63F1F-9931-4C31-897D-08155984CAAA}.Debug|Any CPU.ActiveCfg = Debug|Any CPU
		{57B63F1F-9931-4C31-897D-08155984CAAA}.Debug|Any CPU.Build.0 = Debug|Any CPU
		{57B63F1F-9931-4C31-897D-08155984CAAA}.Release|Any CPU.ActiveCfg = Release|Any CPU
		{57B63F1F-9931-4C31-897D-08155984CAAA}.Release|Any CPU.Build.0 = Release|Any CPU
		{DE5EDE0C-BD2E-4F3C-A5AB-8FC9BFAA8D0B}.Debug|Any CPU.ActiveCfg = Debug|Any CPU
		{DE5EDE0C-BD2E-4F3C-A5AB-8FC9BFAA8D0B}.Debug|Any CPU.Build.0 = Debug|Any CPU
		{DE5EDE0C-BD2E-4F3C-A5AB-8FC9BFAA8D0B}.Release|Any CPU.ActiveCfg = Release|Any CPU
		{DE5EDE0C-BD2E-4F3C-A5AB-8FC9BFAA8D0B}.Release|Any CPU.Build.0 = Release|Any CPU
		{E11E2394-7DB4-46C8-8973-D0D7C52FC50B}.Debug|Any CPU.ActiveCfg = Debug|Any CPU
		{E11E2394-7DB4-46C8-8973-D0D7C52FC50B}.Debug|Any CPU.Build.0 = Debug|Any CPU
		{E11E2394-7DB4-46C8-8973-D0D7C52FC50B}.Release|Any CPU.ActiveCfg = Release|Any CPU
		{E11E2394-7DB4-46C8-8973-D0D7C52FC50B}.Release|Any CPU.Build.0 = Release|Any CPU
	EndGlobalSection
	GlobalSection(SolutionProperties) = preSolution
		HideSolutionNode = FALSE
	EndGlobalSection
	GlobalSection(NestedProjects) = preSolution
		{8755660D-0270-4C9A-B136-EAE794AE9C58} = {8275ADD5-2445-4D5F-AF81-00657B843780}
		{C8CE71A1-A1B1-451D-B871-C84E1E93A352} = {3CC72980-1D63-453A-B743-AE63AB995150}
		{57B63F1F-9931-4C31-897D-08155984CAAA} = {68CC6A86-23F6-4D2F-94CF-36CB2978CA91}
		{DE5EDE0C-BD2E-4F3C-A5AB-8FC9BFAA8D0B} = {8275ADD5-2445-4D5F-AF81-00657B843780}
		{E11E2394-7DB4-46C8-8973-D0D7C52FC50B} = {68CC6A86-23F6-4D2F-94CF-36CB2978CA91}
	EndGlobalSection
	GlobalSection(ExtensibilityGlobals) = postSolution
		SolutionGuid = {61BFE8AA-1367-44EB-B4D1-AA3E1FC1969F}
	EndGlobalSection
EndGlobal
